Microsoft Visual Studio Solution File, Format Version 11.00
# Visual Studio 2008

Project("{8FB25BEA-FF55-7D18-EF8B-B641A625C1CB}") = "SpaceShooterGame", "Assembly-CSharp.csproj", "{F768B588-FD40-C4A1-3076-5DE332512917}"
EndProject
Global
	GlobalSection(SolutionConfigurationPlatforms) = preSolution
		Debug|Any CPU = Debug|Any CPU
		Release|Any CPU = Release|Any CPU
	EndGlobalSection
	GlobalSection(ProjectConfigurationPlatforms) = postSolution
		{F768B588-FD40-C4A1-3076-5DE332512917}.Debug|Any CPU.ActiveCfg = Debug|Any CPU
		{F768B588-FD40-C4A1-3076-5DE332512917}.Debug|Any CPU.Build.0 = Debug|Any CPU
		{F768B588-FD40-C4A1-3076-5DE332512917}.Release|Any CPU.ActiveCfg = Release|Any CPU
		{F768B588-FD40-C4A1-3076-5DE332512917}.Release|Any CPU.Build.0 = Release|Any CPU
	EndGlobalSection
	GlobalSection(SolutionProperties) = preSolution
		HideSolutionNode = FALSE
	EndGlobalSection
	GlobalSection(MonoDevelopProperties) = preSolution
		StartupItem = Assembly-CSharp.csproj
	EndGlobalSection
EndGlobal
